
Microsoft Visual Studio Solution File, Format Version 12.00
# Visual Studio 14
VisualStudioVersion = 14.0.24720.0
MinimumVisualStudioVersion = 10.0.40219.1
Project("{FAE04EC0-301F-11D3-BF4B-00C04F79EFBC}") = "iris_pi", "iris_pi\iris_pi.csproj", "{451BA796-32E5-4407-BB05-4685900BD168}"
EndProject
Project("{FAE04EC0-301F-11D3-BF4B-00C04F79EFBC}") = "EmotionSDK", "EmotionSDK\EmotionSDK.csproj", "{6DA1F543-5DEA-4A2E-818D-E2D2D51B2177}"
EndProject
Project("{FAE04EC0-301F-11D3-BF4B-00C04F79EFBC}") = "FaceSDK", "FaceSDK\FaceSDK.csproj", "{C38F5543-7AB4-4261-A992-F6174A3B2BD7}"
EndProject
Project("{FAE04EC0-301F-11D3-BF4B-00C04F79EFBC}") = "DTOLib", "Iris_SampleApplication\DTOLib\DTOLib.csproj", "{964D3452-5B33-4E09-A9AA-750908AEE197}"
EndProject
Project("{FAE04EC0-301F-11D3-BF4B-00C04F79EFBC}") = "door_pi", "door_pi\door_pi.csproj", "{CFB1C00D-FE4F-4E73-8C2C-DF57F9E0A300}"
EndProject
Global
	GlobalSection(SolutionConfigurationPlatforms) = preSolution
		Debug|Any CPU = Debug|Any CPU
		Debug|ARM = Debug|ARM
		Debug|x64 = Debug|x64
		Debug|x86 = Debug|x86
		Release|Any CPU = Release|Any CPU
		Release|ARM = Release|ARM
		Release|x64 = Release|x64
		Release|x86 = Release|x86
	EndGlobalSection
	GlobalSection(ProjectConfigurationPlatforms) = postSolution
		{451BA796-32E5-4407-BB05-4685900BD168}.Debug|Any CPU.ActiveCfg = Debug|x86
		{451BA796-32E5-4407-BB05-4685900BD168}.Debug|ARM.ActiveCfg = Debug|ARM
		{451BA796-32E5-4407-BB05-4685900BD168}.Debug|ARM.Build.0 = Debug|ARM
		{451BA796-32E5-4407-BB05-4685900BD168}.Debug|ARM.Deploy.0 = Debug|ARM
		{451BA796-32E5-4407-BB05-4685900BD168}.Debug|x64.ActiveCfg = Debug|x64
		{451BA796-32E5-4407-BB05-4685900BD168}.Debug|x64.Build.0 = Debug|x64
		{451BA796-32E5-4407-BB05-4685900BD168}.Debug|x64.Deploy.0 = Debug|x64
		{451BA796-32E5-4407-BB05-4685900BD168}.Debug|x86.ActiveCfg = Debug|x86
		{451BA796-32E5-4407-BB05-4685900BD168}.Debug|x86.Build.0 = Debug|x86
		{451BA796-32E5-4407-BB05-4685900BD168}.Debug|x86.Deploy.0 = Debug|x86
		{451BA796-32E5-4407-BB05-4685900BD168}.Release|Any CPU.ActiveCfg = Release|x86
		{451BA796-32E5-4407-BB05-4685900BD168}.Release|ARM.ActiveCfg = Release|ARM
		{451BA796-32E5-4407-BB05-4685900BD168}.Release|ARM.Build.0 = Release|ARM
		{451BA796-32E5-4407-BB05-4685900BD168}.Release|ARM.Deploy.0 = Release|ARM
		{451BA796-32E5-4407-BB05-4685900BD168}.Release|x64.ActiveCfg = Release|x64
		{451BA796-32E5-4407-BB05-4685900BD168}.Release|x64.Build.0 = Release|x64
		{451BA796-32E5-4407-BB05-4685900BD168}.Release|x64.Deploy.0 = Release|x64
		{451BA796-32E5-4407-BB05-4685900BD168}.Release|x86.ActiveCfg = Release|x86
		{451BA796-32E5-4407-BB05-4685900BD168}.Release|x86.Build.0 = Release|x86
		{451BA796-32E5-4407-BB05-4685900BD168}.Release|x86.Deploy.0 = Release|x86
		{6DA1F543-5DEA-4A2E-818D-E2D2D51B2177}.Debug|Any CPU.ActiveCfg = Debug|Any CPU
		{6DA1F543-5DEA-4A2E-818D-E2D2D51B2177}.Debug|Any CPU.Build.0 = Debug|Any CPU
		{6DA1F543-5DEA-4A2E-818D-E2D2D51B2177}.Debug|ARM.ActiveCfg = Debug|ARM
		{6DA1F543-5DEA-4A2E-818D-E2D2D51B2177}.Debug|ARM.Build.0 = Debug|ARM
		{6DA1F543-5DEA-4A2E-818D-E2D2D51B2177}.Debug|x64.ActiveCfg = Debug|x64
		{6DA1F543-5DEA-4A2E-818D-E2D2D51B2177}.Debug|x64.Build.0 = Debug|x64
		{6DA1F543-5DEA-4A2E-818D-E2D2D51B2177}.Debug|x86.ActiveCfg = Debug|x86
		{6DA1F543-5DEA-4A2E-818D-E2D2D51B2177}.Debug|x86.Build.0 = Debug|x86
		{6DA1F543-5DEA-4A2E-818D-E2D2D51B2177}.Release|Any CPU.ActiveCfg = Release|Any CPU
		{6DA1F543-5DEA-4A2E-818D-E2D2D51B2177}.Release|Any CPU.Build.0 = Release|Any CPU
		{6DA1F543-5DEA-4A2E-818D-E2D2D51B2177}.Release|ARM.ActiveCfg = Release|ARM
		{6DA1F543-5DEA-4A2E-818D-E2D2D51B2177}.Release|ARM.Build.0 = Release|ARM
		{6DA1F543-5DEA-4A2E-818D-E2D2D51B2177}.Release|x64.ActiveCfg = Release|x64
		{6DA1F543-5DEA-4A2E-818D-E2D2D51B2177}.Release|x64.Build.0 = Release|x64
		{6DA1F543-5DEA-4A2E-818D-E2D2D51B2177}.Release|x86.ActiveCfg = Release|x86
		{6DA1F543-5DEA-4A2E-818D-E2D2D51B2177}.Release|x86.Build.0 = Release|x86
		{C38F5543-7AB4-4261-A992-F6174A3B2BD7}.Debug|Any CPU.ActiveCfg = Debug|Any CPU
		{C38F5543-7AB4-4261-A992-F6174A3B2BD7}.Debug|Any CPU.Build.0 = Debug|Any CPU
		{C38F5543-7AB4-4261-A992-F6174A3B2BD7}.Debug|ARM.ActiveCfg = Debug|ARM
		{C38F5543-7AB4-4261-A992-F6174A3B2BD7}.Debug|ARM.Build.0 = Debug|ARM
		{C38F5543-7AB4-4261-A992-F6174A3B2BD7}.Debug|x64.ActiveCfg = Debug|x64
		{C38F5543-7AB4-4261-A992-F6174A3B2BD7}.Debug|x64.Build.0 = Debug|x64
		{C38F5543-7AB4-4261-A992-F6174A3B2BD7}.Debug|x86.ActiveCfg = Debug|x86
		{C38F5543-7AB4-4261-A992-F6174A3B2BD7}.Debug|x86.Build.0 = Debug|x86
		{C38F5543-7AB4-4261-A992-F6174A3B2BD7}.Release|Any CPU.ActiveCfg = Release|Any CPU
		{C38F5543-7AB4-4261-A992-F6174A3B2BD7}.Release|Any CPU.Build.0 = Release|Any CPU
		{C38F5543-7AB4-4261-A992-F6174A3B2BD7}.Release|ARM.ActiveCfg = Release|ARM
		{C38F5543-7AB4-4261-A992-F6174A3B2BD7}.Release|ARM.Build.0 = Release|ARM
		{C38F5543-7AB4-4261-A992-F6174A3B2BD7}.Release|x64.ActiveCfg = Release|x64
		{C38F5543-7AB4-4261-A992-F6174A3B2BD7}.Release|x64.Build.0 = Release|x64
		{C38F5543-7AB4-4261-A992-F6174A3B2BD7}.Release|x86.ActiveCfg = Release|x86
		{C38F5543-7AB4-4261-A992-F6174A3B2BD7}.Release|x86.Build.0 = Release|x86
		{964D3452-5B33-4E09-A9AA-750908AEE197}.Debug|Any CPU.ActiveCfg = Debug|Any CPU
		{964D3452-5B33-4E09-A9AA-750908AEE197}.Debug|Any CPU.Build.0 = Debug|Any CPU
		{964D3452-5B33-4E09-A9AA-750908AEE197}.Debug|ARM.ActiveCfg = Debug|Any CPU
		{964D3452-5B33-4E09-A9AA-750908AEE197}.Debug|ARM.Build.0 = Debug|Any CPU
		{964D3452-5B33-4E09-A9AA-750908AEE197}.Debug|x64.ActiveCfg = Debug|Any CPU
		{964D3452-5B33-4E09-A9AA-750908AEE197}.Debug|x64.Build.0 = Debug|Any CPU
		{964D3452-5B33-4E09-A9AA-750908AEE197}.Debug|x86.ActiveCfg = Debug|Any CPU
		{964D3452-5B33-4E09-A9AA-750908AEE197}.Debug|x86.Build.0 = Debug|Any CPU
		{964D3452-5B33-4E09-A9AA-750908AEE197}.Release|Any CPU.ActiveCfg = Release|Any CPU
		{964D3452-5B33-4E09-A9AA-750908AEE197}.Release|Any CPU.Build.0 = Release|Any CPU
		{964D3452-5B33-4E09-A9AA-750908AEE197}.Release|ARM.ActiveCfg = Release|Any CPU
		{964D3452-5B33-4E09-A9AA-750908AEE197}.Release|ARM.Build.0 = Release|Any CPU
		{964D3452-5B33-4E09-A9AA-750908AEE197}.Release|x64.ActiveCfg = Release|Any CPU
		{964D3452-5B33-4E09-A9AA-750908AEE197}.Release|x64.Build.0 = Release|Any CPU
		{964D3452-5B33-4E09-A9AA-750908AEE197}.Release|x86.ActiveCfg = Release|Any CPU
		{964D3452-5B33-4E09-A9AA-750908AEE197}.Release|x86.Build.0 = Release|Any CPU
		{CFB1C00D-FE4F-4E73-8C2C-DF57F9E0A300}.Debug|Any CPU.ActiveCfg = Debug|x86
		{CFB1C00D-FE4F-4E73-8C2C-DF57F9E0A300}.Debug|ARM.ActiveCfg = Debug|ARM
		{CFB1C00D-FE4F-4E73-8C2C-DF57F9E0A300}.Debug|ARM.Build.0 = Debug|ARM
		{CFB1C00D-FE4F-4E73-8C2C-DF57F9E0A300}.Debug|ARM.Deploy.0 = Debug|ARM
		{CFB1C00D-FE4F-4E73-8C2C-DF57F9E0A300}.Debug|x64.ActiveCfg = Debug|x64
		{CFB1C00D-FE4F-4E73-8C2C-DF57F9E0A300}.Debug|x64.Build.0 = Debug|x64
		{CFB1C00D-FE4F-4E73-8C2C-DF57F9E0A300}.Debug|x64.Deploy.0 = Debug|x64
		{CFB1C00D-FE4F-4E73-8C2C-DF57F9E0A300}.Debug|x86.ActiveCfg = Debug|x86
		{CFB1C00D-FE4F-4E73-8C2C-DF57F9E0A300}.Debug|x86.Build.0 = Debug|x86
		{CFB1C00D-FE4F-4E73-8C2C-DF57F9E0A300}.Debug|x86.Deploy.0 = Debug|x86
		{CFB1C00D-FE4F-4E73-8C2C-DF57F9E0A300}.Release|Any CPU.ActiveCfg = Release|x86
		{CFB1C00D-FE4F-4E73-8C2C-DF57F9E0A300}.Release|ARM.ActiveCfg = Release|ARM
		{CFB1C00D-FE4F-4E73-8C2C-DF57F9E0A300}.Release|ARM.Build.0 = Release|ARM
		{CFB1C00D-FE4F-4E73-8C2C-DF57F9E0A300}.Release|ARM.Deploy.0 = Release|ARM
		{CFB1C00D-FE4F-4E73-8C2C-DF57F9E0A300}.Release|x64.ActiveCfg = Release|x64
		{CFB1C00D-FE4F-4E73-8C2C-DF57F9E0A300}.Release|x64.Build.0 = Release|x64
		{CFB1C00D-FE4F-4E73-8C2C-DF57F9E0A300}.Release|x64.Deploy.0 = Release|x64
		{CFB1C00D-FE4F-4E73-8C2C-DF57F9E0A300}.Release|x86.ActiveCfg = Release|x86
		{CFB1C00D-FE4F-4E73-8C2C-DF57F9E0A300}.Release|x86.Build.0 = Release|x86
		{CFB1C00D-FE4F-4E73-8C2C-DF57F9E0A300}.Release|x86.Deploy.0 = Release|x86
	EndGlobalSection
	GlobalSection(SolutionProperties) = preSolution
		HideSolutionNode = FALSE
	EndGlobalSection
EndGlobal
