
Microsoft Visual Studio Solution File, Format Version 12.00
# Visual Studio 14
VisualStudioVersion = 14.0.24720.0
MinimumVisualStudioVersion = 10.0.40219.1
Project("{FAE04EC0-301F-11D3-BF4B-00C04F79EFBC}") = "EventHub_ConsoleSender", "EventHub_Console\EventHub_ConsoleSender.csproj", "{C4E61F9A-1B6D-4100-9E0D-8EA57AADC093}"
EndProject
Project("{FAE04EC0-301F-11D3-BF4B-00C04F79EFBC}") = "EventHub_Receiver", "EventHub_Sender\EventHub_Receiver.csproj", "{890B7971-CC47-46DD-BBCF-87AEE7518DF3}"
EndProject
Project("{FAE04EC0-301F-11D3-BF4B-00C04F79EFBC}") = "App_Sender", "App_Sender\App_Sender.csproj", "{348F2E07-FA64-490C-8B4E-CE9F1E853DF0}"
EndProject
Project("{FAE04EC0-301F-11D3-BF4B-00C04F79EFBC}") = "DTOLib", "DTOLib\DTOLib.csproj", "{964D3452-5B33-4E09-A9AA-750908AEE197}"
EndProject
Project("{2150E333-8FDC-42A3-9474-1A3956D46DE8}") = "Scripts", "Scripts", "{B57C63EC-9AF9-4284-BA9C-E374227C03ED}"
	ProjectSection(SolutionItems) = preProject
		databasetable.sql = databasetable.sql
		streamanalyticsQuery.txt = streamanalyticsQuery.txt
	EndProjectSection
EndProject
Project("{FAE04EC0-301F-11D3-BF4B-00C04F79EFBC}") = "App_Receiver", "App_Receiver\App_Receiver.csproj", "{E581617F-25FD-451B-B2C6-877795475AA9}"
EndProject
Global
	GlobalSection(SolutionConfigurationPlatforms) = preSolution
		Debug|Any CPU = Debug|Any CPU
		Debug|ARM = Debug|ARM
		Debug|x64 = Debug|x64
		Debug|x86 = Debug|x86
		Release|Any CPU = Release|Any CPU
		Release|ARM = Release|ARM
		Release|x64 = Release|x64
		Release|x86 = Release|x86
	EndGlobalSection
	GlobalSection(ProjectConfigurationPlatforms) = postSolution
		{C4E61F9A-1B6D-4100-9E0D-8EA57AADC093}.Debug|Any CPU.ActiveCfg = Debug|Any CPU
		{C4E61F9A-1B6D-4100-9E0D-8EA57AADC093}.Debug|Any CPU.Build.0 = Debug|Any CPU
		{C4E61F9A-1B6D-4100-9E0D-8EA57AADC093}.Debug|ARM.ActiveCfg = Debug|Any CPU
		{C4E61F9A-1B6D-4100-9E0D-8EA57AADC093}.Debug|ARM.Build.0 = Debug|Any CPU
		{C4E61F9A-1B6D-4100-9E0D-8EA57AADC093}.Debug|x64.ActiveCfg = Debug|Any CPU
		{C4E61F9A-1B6D-4100-9E0D-8EA57AADC093}.Debug|x64.Build.0 = Debug|Any CPU
		{C4E61F9A-1B6D-4100-9E0D-8EA57AADC093}.Debug|x86.ActiveCfg = Debug|Any CPU
		{C4E61F9A-1B6D-4100-9E0D-8EA57AADC093}.Debug|x86.Build.0 = Debug|Any CPU
		{C4E61F9A-1B6D-4100-9E0D-8EA57AADC093}.Release|Any CPU.ActiveCfg = Release|Any CPU
		{C4E61F9A-1B6D-4100-9E0D-8EA57AADC093}.Release|Any CPU.Build.0 = Release|Any CPU
		{C4E61F9A-1B6D-4100-9E0D-8EA57AADC093}.Release|ARM.ActiveCfg = Release|Any CPU
		{C4E61F9A-1B6D-4100-9E0D-8EA57AADC093}.Release|ARM.Build.0 = Release|Any CPU
		{C4E61F9A-1B6D-4100-9E0D-8EA57AADC093}.Release|x64.ActiveCfg = Release|Any CPU
		{C4E61F9A-1B6D-4100-9E0D-8EA57AADC093}.Release|x64.Build.0 = Release|Any CPU
		{C4E61F9A-1B6D-4100-9E0D-8EA57AADC093}.Release|x86.ActiveCfg = Release|Any CPU
		{C4E61F9A-1B6D-4100-9E0D-8EA57AADC093}.Release|x86.Build.0 = Release|Any CPU
		{890B7971-CC47-46DD-BBCF-87AEE7518DF3}.Debug|Any CPU.ActiveCfg = Debug|Any CPU
		{890B7971-CC47-46DD-BBCF-87AEE7518DF3}.Debug|Any CPU.Build.0 = Debug|Any CPU
		{890B7971-CC47-46DD-BBCF-87AEE7518DF3}.Debug|ARM.ActiveCfg = Debug|Any CPU
		{890B7971-CC47-46DD-BBCF-87AEE7518DF3}.Debug|ARM.Build.0 = Debug|Any CPU
		{890B7971-CC47-46DD-BBCF-87AEE7518DF3}.Debug|x64.ActiveCfg = Debug|Any CPU
		{890B7971-CC47-46DD-BBCF-87AEE7518DF3}.Debug|x64.Build.0 = Debug|Any CPU
		{890B7971-CC47-46DD-BBCF-87AEE7518DF3}.Debug|x86.ActiveCfg = Debug|Any CPU
		{890B7971-CC47-46DD-BBCF-87AEE7518DF3}.Debug|x86.Build.0 = Debug|Any CPU
		{890B7971-CC47-46DD-BBCF-87AEE7518DF3}.Release|Any CPU.ActiveCfg = Release|Any CPU
		{890B7971-CC47-46DD-BBCF-87AEE7518DF3}.Release|Any CPU.Build.0 = Release|Any CPU
		{890B7971-CC47-46DD-BBCF-87AEE7518DF3}.Release|ARM.ActiveCfg = Release|Any CPU
		{890B7971-CC47-46DD-BBCF-87AEE7518DF3}.Release|ARM.Build.0 = Release|Any CPU
		{890B7971-CC47-46DD-BBCF-87AEE7518DF3}.Release|x64.ActiveCfg = Release|Any CPU
		{890B7971-CC47-46DD-BBCF-87AEE7518DF3}.Release|x64.Build.0 = Release|Any CPU
		{890B7971-CC47-46DD-BBCF-87AEE7518DF3}.Release|x86.ActiveCfg = Release|Any CPU
		{890B7971-CC47-46DD-BBCF-87AEE7518DF3}.Release|x86.Build.0 = Release|Any CPU
		{348F2E07-FA64-490C-8B4E-CE9F1E853DF0}.Debug|Any CPU.ActiveCfg = Debug|x86
		{348F2E07-FA64-490C-8B4E-CE9F1E853DF0}.Debug|ARM.ActiveCfg = Debug|ARM
		{348F2E07-FA64-490C-8B4E-CE9F1E853DF0}.Debug|ARM.Build.0 = Debug|ARM
		{348F2E07-FA64-490C-8B4E-CE9F1E853DF0}.Debug|ARM.Deploy.0 = Debug|ARM
		{348F2E07-FA64-490C-8B4E-CE9F1E853DF0}.Debug|x64.ActiveCfg = Debug|x64
		{348F2E07-FA64-490C-8B4E-CE9F1E853DF0}.Debug|x64.Build.0 = Debug|x64
		{348F2E07-FA64-490C-8B4E-CE9F1E853DF0}.Debug|x64.Deploy.0 = Debug|x64
		{348F2E07-FA64-490C-8B4E-CE9F1E853DF0}.Debug|x86.ActiveCfg = Debug|x86
		{348F2E07-FA64-490C-8B4E-CE9F1E853DF0}.Debug|x86.Build.0 = Debug|x86
		{348F2E07-FA64-490C-8B4E-CE9F1E853DF0}.Debug|x86.Deploy.0 = Debug|x86
		{348F2E07-FA64-490C-8B4E-CE9F1E853DF0}.Release|Any CPU.ActiveCfg = Release|x86
		{348F2E07-FA64-490C-8B4E-CE9F1E853DF0}.Release|ARM.ActiveCfg = Release|ARM
		{348F2E07-FA64-490C-8B4E-CE9F1E853DF0}.Release|ARM.Build.0 = Release|ARM
		{348F2E07-FA64-490C-8B4E-CE9F1E853DF0}.Release|ARM.Deploy.0 = Release|ARM
		{348F2E07-FA64-490C-8B4E-CE9F1E853DF0}.Release|x64.ActiveCfg = Release|x64
		{348F2E07-FA64-490C-8B4E-CE9F1E853DF0}.Release|x64.Build.0 = Release|x64
		{348F2E07-FA64-490C-8B4E-CE9F1E853DF0}.Release|x64.Deploy.0 = Release|x64
		{348F2E07-FA64-490C-8B4E-CE9F1E853DF0}.Release|x86.ActiveCfg = Release|x86
		{348F2E07-FA64-490C-8B4E-CE9F1E853DF0}.Release|x86.Build.0 = Release|x86
		{348F2E07-FA64-490C-8B4E-CE9F1E853DF0}.Release|x86.Deploy.0 = Release|x86
		{964D3452-5B33-4E09-A9AA-750908AEE197}.Debug|Any CPU.ActiveCfg = Debug|Any CPU
		{964D3452-5B33-4E09-A9AA-750908AEE197}.Debug|Any CPU.Build.0 = Debug|Any CPU
		{964D3452-5B33-4E09-A9AA-750908AEE197}.Debug|ARM.ActiveCfg = Debug|Any CPU
		{964D3452-5B33-4E09-A9AA-750908AEE197}.Debug|ARM.Build.0 = Debug|Any CPU
		{964D3452-5B33-4E09-A9AA-750908AEE197}.Debug|x64.ActiveCfg = Debug|Any CPU
		{964D3452-5B33-4E09-A9AA-750908AEE197}.Debug|x64.Build.0 = Debug|Any CPU
		{964D3452-5B33-4E09-A9AA-750908AEE197}.Debug|x86.ActiveCfg = Debug|Any CPU
		{964D3452-5B33-4E09-A9AA-750908AEE197}.Debug|x86.Build.0 = Debug|Any CPU
		{964D3452-5B33-4E09-A9AA-750908AEE197}.Release|Any CPU.ActiveCfg = Release|Any CPU
		{964D3452-5B33-4E09-A9AA-750908AEE197}.Release|Any CPU.Build.0 = Release|Any CPU
		{964D3452-5B33-4E09-A9AA-750908AEE197}.Release|ARM.ActiveCfg = Release|Any CPU
		{964D3452-5B33-4E09-A9AA-750908AEE197}.Release|ARM.Build.0 = Release|Any CPU
		{964D3452-5B33-4E09-A9AA-750908AEE197}.Release|x64.ActiveCfg = Release|Any CPU
		{964D3452-5B33-4E09-A9AA-750908AEE197}.Release|x64.Build.0 = Release|Any CPU
		{964D3452-5B33-4E09-A9AA-750908AEE197}.Release|x86.ActiveCfg = Release|Any CPU
		{964D3452-5B33-4E09-A9AA-750908AEE197}.Release|x86.Build.0 = Release|Any CPU
		{E581617F-25FD-451B-B2C6-877795475AA9}.Debug|Any CPU.ActiveCfg = Debug|x86
		{E581617F-25FD-451B-B2C6-877795475AA9}.Debug|ARM.ActiveCfg = Debug|ARM
		{E581617F-25FD-451B-B2C6-877795475AA9}.Debug|ARM.Build.0 = Debug|ARM
		{E581617F-25FD-451B-B2C6-877795475AA9}.Debug|ARM.Deploy.0 = Debug|ARM
		{E581617F-25FD-451B-B2C6-877795475AA9}.Debug|x64.ActiveCfg = Debug|x64
		{E581617F-25FD-451B-B2C6-877795475AA9}.Debug|x64.Build.0 = Debug|x64
		{E581617F-25FD-451B-B2C6-877795475AA9}.Debug|x64.Deploy.0 = Debug|x64
		{E581617F-25FD-451B-B2C6-877795475AA9}.Debug|x86.ActiveCfg = Debug|x86
		{E581617F-25FD-451B-B2C6-877795475AA9}.Debug|x86.Build.0 = Debug|x86
		{E581617F-25FD-451B-B2C6-877795475AA9}.Debug|x86.Deploy.0 = Debug|x86
		{E581617F-25FD-451B-B2C6-877795475AA9}.Release|Any CPU.ActiveCfg = Release|x86
		{E581617F-25FD-451B-B2C6-877795475AA9}.Release|ARM.ActiveCfg = Release|ARM
		{E581617F-25FD-451B-B2C6-877795475AA9}.Release|ARM.Build.0 = Release|ARM
		{E581617F-25FD-451B-B2C6-877795475AA9}.Release|ARM.Deploy.0 = Release|ARM
		{E581617F-25FD-451B-B2C6-877795475AA9}.Release|x64.ActiveCfg = Release|x64
		{E581617F-25FD-451B-B2C6-877795475AA9}.Release|x64.Build.0 = Release|x64
		{E581617F-25FD-451B-B2C6-877795475AA9}.Release|x64.Deploy.0 = Release|x64
		{E581617F-25FD-451B-B2C6-877795475AA9}.Release|x86.ActiveCfg = Release|x86
		{E581617F-25FD-451B-B2C6-877795475AA9}.Release|x86.Build.0 = Release|x86
		{E581617F-25FD-451B-B2C6-877795475AA9}.Release|x86.Deploy.0 = Release|x86
	EndGlobalSection
	GlobalSection(SolutionProperties) = preSolution
		HideSolutionNode = FALSE
	EndGlobalSection
EndGlobal
